
Microsoft Visual Studio Solution File, Format Version 12.00
# Visual Studio Version 17
VisualStudioVersion = 17.11.35219.272
MinimumVisualStudioVersion = 10.0.40219.1
Project("{888888A0-9F3D-457C-B088-3A5042F75D52}") = "SG", "SG.pyproj", "{7662AD38-8D19-4C2E-BBBC-D157161B6BF0}"
EndProject
Global
	GlobalSection(SolutionConfigurationPlatforms) = preSolution
		Debug|Any CPU = Debug|Any CPU
		Release|Any CPU = Release|Any CPU
	EndGlobalSection
	GlobalSection(ProjectConfigurationPlatforms) = postSolution
		{7662AD38-8D19-4C2E-BBBC-D157161B6BF0}.Debug|Any CPU.ActiveCfg = Debug|Any CPU
		{7662AD38-8D19-4C2E-BBBC-D157161B6BF0}.Debug|Any CPU.Build.0 = Debug|Any CPU
		{7662AD38-8D19-4C2E-BBBC-D157161B6BF0}.Release|Any CPU.ActiveCfg = Release|Any CPU
		{7662AD38-8D19-4C2E-BBBC-D157161B6BF0}.Release|Any CPU.Build.0 = Release|Any CPU
	EndGlobalSection
	GlobalSection(SolutionProperties) = preSolution
		HideSolutionNode = FALSE
	EndGlobalSection
	GlobalSection(ExtensibilityGlobals) = postSolution
		SolutionGuid = {0762E55A-176C-406B-96DD-988092E7BB7E}
	EndGlobalSection
EndGlobal
